// !$*UTF8*$!
{
	archiveVersion = 1;
	classes = {
	};
	objectVersion = 46;
	objects = {

/* Begin PBXBuildFile section */
		8658BBC21A95B8EB007242F1 /* fish02.mov in Resources */ = {isa = PBXBuildFile; fileRef = 8658BBC11A95B8EB007242F1 /* fish02.mov */; };
		8698E7A217C21D3200C9C0E5 /* UIKit.framework in Frameworks */ = {isa = PBXBuildFile; fileRef = 8698E7A117C21D3200C9C0E5 /* UIKit.framework */; };
		8698E7A417C21D3200C9C0E5 /* Foundation.framework in Frameworks */ = {isa = PBXBuildFile; fileRef = 8698E7A317C21D3200C9C0E5 /* Foundation.framework */; };
		8698E7A617C21D3200C9C0E5 /* CoreGraphics.framework in Frameworks */ = {isa = PBXBuildFile; fileRef = 8698E7A517C21D3200C9C0E5 /* CoreGraphics.framework */; };
		8698E7AC17C21D3200C9C0E5 /* InfoPlist.strings in Resources */ = {isa = PBXBuildFile; fileRef = 8698E7AA17C21D3200C9C0E5 /* InfoPlist.strings */; };
		8698E7AE17C21D3200C9C0E5 /* main.m in Sources */ = {isa = PBXBuildFile; fileRef = 8698E7AD17C21D3200C9C0E5 /* main.m */; };
		8698E7B217C21D3200C9C0E5 /* AppDelegate.m in Sources */ = {isa = PBXBuildFile; fileRef = 8698E7B117C21D3200C9C0E5 /* AppDelegate.m */; };
		8698E7B417C21D3200C9C0E5 /* Default.png in Resources */ = {isa = PBXBuildFile; fileRef = 8698E7B317C21D3200C9C0E5 /* Default.png */; };
		8698E7B617C21D3200C9C0E5 /* Default@2x.png in Resources */ = {isa = PBXBuildFile; fileRef = 8698E7B517C21D3200C9C0E5 /* Default@2x.png */; };
		8698E7B817C21D3200C9C0E5 /* Default-568h@2x.png in Resources */ = {isa = PBXBuildFile; fileRef = 8698E7B717C21D3200C9C0E5 /* Default-568h@2x.png */; };
		8698E7BB17C21D3200C9C0E5 /* ViewController.m in Sources */ = {isa = PBXBuildFile; fileRef = 8698E7BA17C21D3200C9C0E5 /* ViewController.m */; };
		8698E7BE17C21D3200C9C0E5 /* ViewController.xib in Resources */ = {isa = PBXBuildFile; fileRef = 8698E7BC17C21D3200C9C0E5 /* ViewController.xib */; };
		8698E7C517C21D6C00C9C0E5 /* AVFoundation.framework in Frameworks */ = {isa = PBXBuildFile; fileRef = 8698E7C417C21D6C00C9C0E5 /* AVFoundation.framework */; };
		8698E7C817C21ED300C9C0E5 /* MovieView.m in Sources */ = {isa = PBXBuildFile; fileRef = 8698E7C717C21ED300C9C0E5 /* MovieView.m */; };
		8698E7CE17C2242600C9C0E5 /* CoreMedia.framework in Frameworks */ = {isa = PBXBuildFile; fileRef = 8698E7CD17C2242600C9C0E5 /* CoreMedia.framework */; };
/* End PBXBuildFile section */

/* Begin PBXFileReference section */
		8658BBC11A95B8EB007242F1 /* fish02.mov */ = {isa = PBXFileReference; lastKnownFileType = video.quicktime; path = fish02.mov; sourceTree = "<group>"; };
		8698E79E17C21D3100C9C0E5 /* Movietest.app */ = {isa = PBXFileReference; explicitFileType = wrapper.application; includeInIndex = 0; path = Movietest.app; sourceTree = BUILT_PRODUCTS_DIR; };
		8698E7A117C21D3200C9C0E5 /* UIKit.framework */ = {isa = PBXFileReference; lastKnownFileType = wrapper.framework; name = UIKit.framework; path = System/Library/Frameworks/UIKit.framework; sourceTree = SDKROOT; };
		8698E7A317C21D3200C9C0E5 /* Foundation.framework */ = {isa = PBXFileReference; lastKnownFileType = wrapper.framework; name = Foundation.framework; path = System/Library/Frameworks/Foundation.framework; sourceTree = SDKROOT; };
		8698E7A517C21D3200C9C0E5 /* CoreGraphics.framework */ = {isa = PBXFileReference; lastKnownFileType = wrapper.framework; name = CoreGraphics.framework; path = System/Library/Frameworks/CoreGraphics.framework; sourceTree = SDKROOT; };
		8698E7A917C21D3200C9C0E5 /* Movietest-Info.plist */ = {isa = PBXFileReference; lastKnownFileType = text.plist.xml; path = "Movietest-Info.plist"; sourceTree = "<group>"; };
		8698E7AB17C21D3200C9C0E5 /* en */ = {isa = PBXFileReference; lastKnownFileType = text.plist.strings; name = en; path = en.lproj/InfoPlist.strings; sourceTree = "<group>"; };
		8698E7AD17C21D3200C9C0E5 /* main.m */ = {isa = PBXFileReference; lastKnownFileType = sourcecode.c.objc; path = main.m; sourceTree = "<group>"; };
		8698E7AF17C21D3200C9C0E5 /* Movietest-Prefix.pch */ = {isa = PBXFileReference; lastKnownFileType = sourcecode.c.h; path = "Movietest-Prefix.pch"; sourceTree = "<group>"; };
		8698E7B017C21D3200C9C0E5 /* AppDelegate.h */ = {isa = PBXFileReference; lastKnownFileType = sourcecode.c.h; path = AppDelegate.h; sourceTree = "<group>"; };
		8698E7B117C21D3200C9C0E5 /* AppDelegate.m */ = {isa = PBXFileReference; lastKnownFileType = sourcecode.c.objc; path = AppDelegate.m; sourceTree = "<group>"; };
		8698E7B317C21D3200C9C0E5 /* Default.png */ = {isa = PBXFileReference; lastKnownFileType = image.png; path = Default.png; sourceTree = "<group>"; };
		8698E7B517C21D3200C9C0E5 /* Default@2x.png */ = {isa = PBXFileReference; lastKnownFileType = image.png; path = "Default@2x.png"; sourceTree = "<group>"; };
		8698E7B717C21D3200C9C0E5 /* Default-568h@2x.png */ = {isa = PBXFileReference; lastKnownFileType = image.png; path = "Default-568h@2x.png"; sourceTree = "<group>"; };
		8698E7B917C21D3200C9C0E5 /* ViewController.h */ = {isa = PBXFileReference; lastKnownFileType = sourcecode.c.h; path = ViewController.h; sourceTree = "<group>"; };
		8698E7BA17C21D3200C9C0E5 /* ViewController.m */ = {isa = PBXFileReference; lastKnownFileType = sourcecode.c.objc; path = ViewController.m; sourceTree = "<group>"; };
		8698E7BD17C21D3200C9C0E5 /* en */ = {isa = PBXFileReference; lastKnownFileType = file.xib; name = en; path = en.lproj/ViewController.xib; sourceTree = "<group>"; };
		8698E7C417C21D6C00C9C0E5 /* AVFoundation.framework */ = {isa = PBXFileReference; lastKnownFileType = wrapper.framework; name = AVFoundation.framework; path = System/Library/Frameworks/AVFoundation.framework; sourceTree = SDKROOT; };
		8698E7C617C21ED300C9C0E5 /* MovieView.h */ = {isa = PBXFileReference; fileEncoding = 4; lastKnownFileType = sourcecode.c.h; path = MovieView.h; sourceTree = "<group>"; };
		8698E7C717C21ED300C9C0E5 /* MovieView.m */ = {isa = PBXFileReference; fileEncoding = 4; lastKnownFileType = sourcecode.c.objc; path = MovieView.m; sourceTree = "<group>"; };
		8698E7CD17C2242600C9C0E5 /* CoreMedia.framework */ = {isa = PBXFileReference; lastKnownFileType = wrapper.framework; name = CoreMedia.framework; path = System/Library/Frameworks/CoreMedia.framework; sourceTree = SDKROOT; };
/* End PBXFileReference section */

/* Begin PBXFrameworksBuildPhase section */
		8698E79B17C21D3100C9C0E5 /* Frameworks */ = {
			isa = PBXFrameworksBuildPhase;
			buildActionMask = 2147483647;
			files = (
				8698E7CE17C2242600C9C0E5 /* CoreMedia.framework in Frameworks */,
				8698E7C517C21D6C00C9C0E5 /* AVFoundation.framework in Frameworks */,
				8698E7A217C21D3200C9C0E5 /* UIKit.framework in Frameworks */,
				8698E7A417C21D3200C9C0E5 /* Foundation.framework in Frameworks */,
				8698E7A617C21D3200C9C0E5 /* CoreGraphics.framework in Frameworks */,
			);
			runOnlyForDeploymentPostprocessing = 0;
		};
/* End PBXFrameworksBuildPhase section */

/* Begin PBXGroup section */
		8698E79517C21D3100C9C0E5 = {
			isa = PBXGroup;
			children = (
				8698E7CD17C2242600C9C0E5 /* CoreMedia.framework */,
				8698E7C417C21D6C00C9C0E5 /* AVFoundation.framework */,
				8698E7A717C21D3200C9C0E5 /* Movietest */,
				8698E7A017C21D3100C9C0E5 /* Frameworks */,
				8698E79F17C21D3100C9C0E5 /* Products */,
			);
			sourceTree = "<group>";
		};
		8698E79F17C21D3100C9C0E5 /* Products */ = {
			isa = PBXGroup;
			children = (
				8698E79E17C21D3100C9C0E5 /* Movietest.app */,
			);
			name = Products;
			sourceTree = "<group>";
		};
		8698E7A017C21D3100C9C0E5 /* Frameworks */ = {
			isa = PBXGroup;
			children = (
				8698E7A117C21D3200C9C0E5 /* UIKit.framework */,
				8698E7A317C21D3200C9C0E5 /* Foundation.framework */,
				8698E7A517C21D3200C9C0E5 /* CoreGraphics.framework */,
			);
			name = Frameworks;
			sourceTree = "<group>";
		};
		8698E7A717C21D3200C9C0E5 /* Movietest */ = {
			isa = PBXGroup;
			children = (
				8698E7C917C2236400C9C0E5 /* Resource */,
				8698E7B017C21D3200C9C0E5 /* AppDelegate.h */,
				8698E7B117C21D3200C9C0E5 /* AppDelegate.m */,
				8698E7B917C21D3200C9C0E5 /* ViewController.h */,
				8698E7BA17C21D3200C9C0E5 /* ViewController.m */,
				8698E7BC17C21D3200C9C0E5 /* ViewController.xib */,
				8698E7A817C21D3200C9C0E5 /* Supporting Files */,
				8698E7C617C21ED300C9C0E5 /* MovieView.h */,
				8698E7C717C21ED300C9C0E5 /* MovieView.m */,
			);
			path = Movietest;
			sourceTree = "<group>";
		};
		8698E7A817C21D3200C9C0E5 /* Supporting Files */ = {
			isa = PBXGroup;
			children = (
				8698E7A917C21D3200C9C0E5 /* Movietest-Info.plist */,
				8698E7AA17C21D3200C9C0E5 /* InfoPlist.strings */,
				8698E7AD17C21D3200C9C0E5 /* main.m */,
				8698E7AF17C21D3200C9C0E5 /* Movietest-Prefix.pch */,
				8698E7B317C21D3200C9C0E5 /* Default.png */,
				8698E7B517C21D3200C9C0E5 /* Default@2x.png */,
				8698E7B717C21D3200C9C0E5 /* Default-568h@2x.png */,
			);
			name = "Supporting Files";
			sourceTree = "<group>";
		};
		8698E7C917C2236400C9C0E5 /* Resource */ = {
			isa = PBXGroup;
			children = (
				8698E7CA17C2236400C9C0E5 /* movie */,
			);
			path = Resource;
			sourceTree = "<group>";
		};
		8698E7CA17C2236400C9C0E5 /* movie */ = {
			isa = PBXGroup;
			children = (
				8658BBC11A95B8EB007242F1 /* fish02.mov */,
			);
			path = movie;
			sourceTree = "<group>";
		};
/* End PBXGroup section */

/* Begin PBXNativeTarget section */
		8698E79D17C21D3100C9C0E5 /* Movietest */ = {
			isa = PBXNativeTarget;
			buildConfigurationList = 8698E7C117C21D3200C9C0E5 /* Build configuration list for PBXNativeTarget "Movietest" */;
			buildPhases = (
				8698E79A17C21D3100C9C0E5 /* Sources */,
				8698E79B17C21D3100C9C0E5 /* Frameworks */,
				8698E79C17C21D3100C9C0E5 /* Resources */,
			);
			buildRules = (
			);
			dependencies = (
			);
			name = Movietest;
			productName = Movietest;
			productReference = 8698E79E17C21D3100C9C0E5 /* Movietest.app */;
			productType = "com.apple.product-type.application";
		};
/* End PBXNativeTarget section */

/* Begin PBXProject section */
		8698E79617C21D3100C9C0E5 /* Project object */ = {
			isa = PBXProject;
			attributes = {
				LastUpgradeCheck = 0460;
				ORGANIZATIONNAME = "kubo naoko";
			};
			buildConfigurationList = 8698E79917C21D3100C9C0E5 /* Build configuration list for PBXProject "Movietest" */;
			compatibilityVersion = "Xcode 3.2";
			developmentRegion = English;
			hasScannedForEncodings = 0;
			knownRegions = (
				en,
			);
			mainGroup = 8698E79517C21D3100C9C0E5;
			productRefGroup = 8698E79F17C21D3100C9C0E5 /* Products */;
			projectDirPath = "";
			projectRoot = "";
			targets = (
				8698E79D17C21D3100C9C0E5 /* Movietest */,
			);
		};
/* End PBXProject section */

/* Begin PBXResourcesBuildPhase section */
		8698E79C17C21D3100C9C0E5 /* Resources */ = {
			isa = PBXResourcesBuildPhase;
			buildActionMask = 2147483647;
			files = (
				8658BBC21A95B8EB007242F1 /* fish02.mov in Resources */,
				8698E7AC17C21D3200C9C0E5 /* InfoPlist.strings in Resources */,
				8698E7B417C21D3200C9C0E5 /* Default.png in Resources */,
				8698E7B617C21D3200C9C0E5 /* Default@2x.png in Resources */,
				8698E7B817C21D3200C9C0E5 /* Default-568h@2x.png in Resources */,
				8698E7BE17C21D3200C9C0E5 /* ViewController.xib in Resources */,
			);
			runOnlyForDeploymentPostprocessing = 0;
		};
/* End PBXResourcesBuildPhase section */

/* Begin PBXSourcesBuildPhase section */
		8698E79A17C21D3100C9C0E5 /* Sources */ = {
			isa = PBXSourcesBuildPhase;
			buildActionMask = 2147483647;
			files = (
				8698E7AE17C21D3200C9C0E5 /* main.m in Sources */,
				8698E7B217C21D3200C9C0E5 /* AppDelegate.m in Sources */,
				8698E7BB17C21D3200C9C0E5 /* ViewController.m in Sources */,
				8698E7C817C21ED300C9C0E5 /* MovieView.m in Sources */,
			);
			runOnlyForDeploymentPostprocessing = 0;
		};
/* End PBXSourcesBuildPhase section */

/* Begin PBXVariantGroup section */
		8698E7AA17C21D3200C9C0E5 /* InfoPlist.strings */ = {
			isa = PBXVariantGroup;
			children = (
				8698E7AB17C21D3200C9C0E5 /* en */,
			);
			name = InfoPlist.strings;
			sourceTree = "<group>";
		};
		8698E7BC17C21D3200C9C0E5 /* ViewController.xib */ = {
			isa = PBXVariantGroup;
			children = (
				8698E7BD17C21D3200C9C0E5 /* en */,
			);
			name = ViewController.xib;
			sourceTree = "<group>";
		};
/* End PBXVariantGroup section */

/* Begin XCBuildConfiguration section */
		8698E7BF17C21D3200C9C0E5 /* Debug */ = {
			isa = XCBuildConfiguration;
			buildSettings = {
				ALWAYS_SEARCH_USER_PATHS = NO;
				CLANG_CXX_LANGUAGE_STANDARD = "gnu++0x";
				CLANG_CXX_LIBRARY = "libc++";
				CLANG_WARN_CONSTANT_CONVERSION = YES;
				CLANG_WARN_EMPTY_BODY = YES;
				CLANG_WARN_ENUM_CONVERSION = YES;
				CLANG_WARN_INT_CONVERSION = YES;
				CLANG_WARN__DUPLICATE_METHOD_MATCH = YES;
				"CODE_SIGN_IDENTITY[sdk=iphoneos*]" = "iPhone Developer";
				COPY_PHASE_STRIP = NO;
				GCC_C_LANGUAGE_STANDARD = gnu99;
				GCC_DYNAMIC_NO_PIC = NO;
				GCC_OPTIMIZATION_LEVEL = 0;
				GCC_PREPROCESSOR_DEFINITIONS = (
					"DEBUG=1",
					"$(inherited)",
				);
				GCC_SYMBOLS_PRIVATE_EXTERN = NO;
				GCC_WARN_ABOUT_RETURN_TYPE = YES;
				GCC_WARN_UNINITIALIZED_AUTOS = YES;
				GCC_WARN_UNUSED_VARIABLE = YES;
				IPHONEOS_DEPLOYMENT_TARGET = 6.1;
				ONLY_ACTIVE_ARCH = YES;
				SDKROOT = iphoneos;
			};
			name = Debug;
		};
		8698E7C017C21D3200C9C0E5 /* Release */ = {
			isa = XCBuildConfiguration;
			buildSettings = {
				ALWAYS_SEARCH_USER_PATHS = NO;
				CLANG_CXX_LANGUAGE_STANDARD = "gnu++0x";
				CLANG_CXX_LIBRARY = "libc++";
				CLANG_WARN_CONSTANT_CONVERSION = YES;
				CLANG_WARN_EMPTY_BODY = YES;
				CLANG_WARN_ENUM_CONVERSION = YES;
				CLANG_WARN_INT_CONVERSION = YES;
				CLANG_WARN__DUPLICATE_METHOD_MATCH = YES;
				"CODE_SIGN_IDENTITY[sdk=iphoneos*]" = "iPhone Developer";
				COPY_PHASE_STRIP = YES;
				GCC_C_LANGUAGE_STANDARD = gnu99;
				GCC_WARN_ABOUT_RETURN_TYPE = YES;
				GCC_WARN_UNINITIALIZED_AUTOS = YES;
				GCC_WARN_UNUSED_VARIABLE = YES;
				IPHONEOS_DEPLOYMENT_TARGET = 6.1;
				OTHER_CFLAGS = "-DNS_BLOCK_ASSERTIONS=1";
				SDKROOT = iphoneos;
				VALIDATE_PRODUCT = YES;
			};
			name = Release;
		};
		8698E7C217C21D3200C9C0E5 /* Debug */ = {
			isa = XCBuildConfiguration;
			buildSettings = {
				GCC_PRECOMPILE_PREFIX_HEADER = YES;
				GCC_PREFIX_HEADER = "Movietest/Movietest-Prefix.pch";
				INFOPLIST_FILE = "Movietest/Movietest-Info.plist";
				PRODUCT_NAME = "$(TARGET_NAME)";
				WRAPPER_EXTENSION = app;
			};
			name = Debug;
		};
		8698E7C317C21D3200C9C0E5 /* Release */ = {
			isa = XCBuildConfiguration;
			buildSettings = {
				GCC_PRECOMPILE_PREFIX_HEADER = YES;
				GCC_PREFIX_HEADER = "Movietest/Movietest-Prefix.pch";
				INFOPLIST_FILE = "Movietest/Movietest-Info.plist";
				PRODUCT_NAME = "$(TARGET_NAME)";
				WRAPPER_EXTENSION = app;
			};
			name = Release;
		};
/* End XCBuildConfiguration section */

/* Begin XCConfigurationList section */
		8698E79917C21D3100C9C0E5 /* Build configuration list for PBXProject "Movietest" */ = {
			isa = XCConfigurationList;
			buildConfigurations = (
				8698E7BF17C21D3200C9C0E5 /* Debug */,
				8698E7C017C21D3200C9C0E5 /* Release */,
			);
			defaultConfigurationIsVisible = 0;
			defaultConfigurationName = Release;
		};
		8698E7C117C21D3200C9C0E5 /* Build configuration list for PBXNativeTarget "Movietest" */ = {
			isa = XCConfigurationList;
			buildConfigurations = (
				8698E7C217C21D3200C9C0E5 /* Debug */,
				8698E7C317C21D3200C9C0E5 /* Release */,
			);
			defaultConfigurationIsVisible = 0;
			defaultConfigurationName = Release;
		};
/* End XCConfigurationList section */
	};
	rootObject = 8698E79617C21D3100C9C0E5 /* Project object */;
}
